
Microsoft Visual Studio Solution File, Format Version 12.00
# Visual Studio Version 17
VisualStudioVersion = 17.0.31903.59
MinimumVisualStudioVersion = 10.0.40219.1
Project("{F2A71F9B-5D33-465A-A702-920D77279786}") = "Sharpino", "Sharpino.Lib\Sharpino.Lib.fsproj", "{DB988C52-A5BD-4966-B156-F0181739D0EF}"
EndProject
Project("{F2A71F9B-5D33-465A-A702-920D77279786}") = "Sharpino.Sample.Test", "Sharpino.Sample.Test\Sharpino.Sample.Test.fsproj", "{01C9888A-DD57-4E94-8C38-8791F4886777}"
EndProject
Project("{F2A71F9B-5D33-465A-A702-920D77279786}") = "Sharpino.Sample", "Sharpino.Sample\Sharpino.Sample.fsproj", "{4C8F829E-6634-495F-8036-06C2131B9617}"
EndProject
Project("{F2A71F9B-5D33-465A-A702-920D77279786}") = "Sharpino.Sample.Shared", "Sharpino.Sample.Shared\Sharpino.Sample.Shared.fsproj", "{C6DAF2D4-81E7-4E3E-8D68-30B6B2C574B8}"
EndProject
Project("{F2A71F9B-5D33-465A-A702-920D77279786}") = "Sharpino.Lib.Core", "Sharpino.Lib.Core\Sharpino.Lib.Core.fsproj", "{7BB5D455-ADBB-47A2-BA76-89B282175615}"
EndProject
Project("{F2A71F9B-5D33-465A-A702-920D77279786}") = "Sharpino.Sample.2", "Sharpino.Sample.2\Sharpino.Sample.2.fsproj", "{9540D9E5-E958-4AAC-86E7-BC7944F9E869}"
EndProject
Project("{F2A71F9B-5D33-465A-A702-920D77279786}") = "Sharpino.Sample.2.Test", "Sharpino.Sample.2.Test\Sharpino.Sample.2.Test.fsproj", "{0E6E837B-7160-4BC3-9ABC-22B1DC73B8BB}"
EndProject
Project("{F2A71F9B-5D33-465A-A702-920D77279786}") = "Sharpino.Sample.3", "Sharpino.Sample.3\Sharpino.Sample.3.fsproj", "{A4787F1B-4889-4309-BC4D-E616F6CF01C2}"
EndProject
Project("{F2A71F9B-5D33-465A-A702-920D77279786}") = "Sharpino.Sample.3.Test", "Sharpino.Sample.3.Test\Sharpino.Sample.3.Test.fsproj", "{EB479E56-7615-4048-9832-BECC76BAC38C}"
EndProject
Project("{2150E333-8FDC-42A3-9474-1A3956D46DE8}") = "Sharpino.Sample.Client", "Sharpino.Sample.Client", "{8ED7E64B-B5F1-4D6D-9BE9-0CA983A5C44A}"
EndProject
Project("{F2A71F9B-5D33-465A-A702-920D77279786}") = "App", "Sharpino.Sample.Client\src\App.fsproj", "{D4C9757D-69AD-4975-92FA-0C507116929A}"
EndProject
Project("{F2A71F9B-5D33-465A-A702-920D77279786}") = "Sharpino.Sample.3.Shared", "Sharpino.Sample.3.Shared\Sharpino.Sample.3.Shared.fsproj", "{70CED588-1E3F-4667-AA9C-EC61DA5FC9FC}"
EndProject
Project("{2150E333-8FDC-42A3-9474-1A3956D46DE8}") = "Sharpino.Sample.4", "Sharpino.Sample.4", "{3CCE7DE9-17BF-4137-B312-2F5456607B79}"
EndProject
Project("{2150E333-8FDC-42A3-9474-1A3956D46DE8}") = "src", "src", "{00CB4B43-A45D-48D5-BD1B-EA65C70620D0}"
EndProject
Project("{F2A71F9B-5D33-465A-A702-920D77279786}") = "Shared", "Sharpino.Sample.4\src\Shared\Shared.fsproj", "{DA6C5409-4FE4-4810-8FF5-610C9D9AD445}"
EndProject
Project("{F2A71F9B-5D33-465A-A702-920D77279786}") = "Server", "Sharpino.Sample.4\src\Server\Server.fsproj", "{245D80C1-65BF-43C8-B1B7-35293ECF5B4F}"
EndProject
Project("{F2A71F9B-5D33-465A-A702-920D77279786}") = "Client", "Sharpino.Sample.4\src\Client\Client.fsproj", "{4A3DFCCA-D802-4CBB-9384-75960057C238}"
EndProject
Global
	GlobalSection(SolutionConfigurationPlatforms) = preSolution
		Debug|Any CPU = Debug|Any CPU
		Release|Any CPU = Release|Any CPU
	EndGlobalSection
	GlobalSection(SolutionProperties) = preSolution
		HideSolutionNode = FALSE
	EndGlobalSection
	GlobalSection(ProjectConfigurationPlatforms) = postSolution
		{DB988C52-A5BD-4966-B156-F0181739D0EF}.Debug|Any CPU.ActiveCfg = Debug|Any CPU
		{DB988C52-A5BD-4966-B156-F0181739D0EF}.Debug|Any CPU.Build.0 = Debug|Any CPU
		{DB988C52-A5BD-4966-B156-F0181739D0EF}.Release|Any CPU.ActiveCfg = Release|Any CPU
		{DB988C52-A5BD-4966-B156-F0181739D0EF}.Release|Any CPU.Build.0 = Release|Any CPU
		{01C9888A-DD57-4E94-8C38-8791F4886777}.Debug|Any CPU.ActiveCfg = Debug|Any CPU
		{01C9888A-DD57-4E94-8C38-8791F4886777}.Debug|Any CPU.Build.0 = Debug|Any CPU
		{01C9888A-DD57-4E94-8C38-8791F4886777}.Release|Any CPU.ActiveCfg = Release|Any CPU
		{01C9888A-DD57-4E94-8C38-8791F4886777}.Release|Any CPU.Build.0 = Release|Any CPU
		{4C8F829E-6634-495F-8036-06C2131B9617}.Debug|Any CPU.ActiveCfg = Debug|Any CPU
		{4C8F829E-6634-495F-8036-06C2131B9617}.Debug|Any CPU.Build.0 = Debug|Any CPU
		{4C8F829E-6634-495F-8036-06C2131B9617}.Release|Any CPU.ActiveCfg = Release|Any CPU
		{4C8F829E-6634-495F-8036-06C2131B9617}.Release|Any CPU.Build.0 = Release|Any CPU
		{C6DAF2D4-81E7-4E3E-8D68-30B6B2C574B8}.Debug|Any CPU.ActiveCfg = Debug|Any CPU
		{C6DAF2D4-81E7-4E3E-8D68-30B6B2C574B8}.Debug|Any CPU.Build.0 = Debug|Any CPU
		{C6DAF2D4-81E7-4E3E-8D68-30B6B2C574B8}.Release|Any CPU.ActiveCfg = Release|Any CPU
		{C6DAF2D4-81E7-4E3E-8D68-30B6B2C574B8}.Release|Any CPU.Build.0 = Release|Any CPU
		{7BB5D455-ADBB-47A2-BA76-89B282175615}.Debug|Any CPU.ActiveCfg = Debug|Any CPU
		{7BB5D455-ADBB-47A2-BA76-89B282175615}.Debug|Any CPU.Build.0 = Debug|Any CPU
		{7BB5D455-ADBB-47A2-BA76-89B282175615}.Release|Any CPU.ActiveCfg = Release|Any CPU
		{7BB5D455-ADBB-47A2-BA76-89B282175615}.Release|Any CPU.Build.0 = Release|Any CPU
		{9540D9E5-E958-4AAC-86E7-BC7944F9E869}.Debug|Any CPU.ActiveCfg = Debug|Any CPU
		{9540D9E5-E958-4AAC-86E7-BC7944F9E869}.Debug|Any CPU.Build.0 = Debug|Any CPU
		{9540D9E5-E958-4AAC-86E7-BC7944F9E869}.Release|Any CPU.ActiveCfg = Release|Any CPU
		{9540D9E5-E958-4AAC-86E7-BC7944F9E869}.Release|Any CPU.Build.0 = Release|Any CPU
		{0E6E837B-7160-4BC3-9ABC-22B1DC73B8BB}.Debug|Any CPU.ActiveCfg = Debug|Any CPU
		{0E6E837B-7160-4BC3-9ABC-22B1DC73B8BB}.Debug|Any CPU.Build.0 = Debug|Any CPU
		{0E6E837B-7160-4BC3-9ABC-22B1DC73B8BB}.Release|Any CPU.ActiveCfg = Release|Any CPU
		{0E6E837B-7160-4BC3-9ABC-22B1DC73B8BB}.Release|Any CPU.Build.0 = Release|Any CPU
		{A4787F1B-4889-4309-BC4D-E616F6CF01C2}.Debug|Any CPU.ActiveCfg = Debug|Any CPU
		{A4787F1B-4889-4309-BC4D-E616F6CF01C2}.Debug|Any CPU.Build.0 = Debug|Any CPU
		{A4787F1B-4889-4309-BC4D-E616F6CF01C2}.Release|Any CPU.ActiveCfg = Release|Any CPU
		{A4787F1B-4889-4309-BC4D-E616F6CF01C2}.Release|Any CPU.Build.0 = Release|Any CPU
		{EB479E56-7615-4048-9832-BECC76BAC38C}.Debug|Any CPU.ActiveCfg = Debug|Any CPU
		{EB479E56-7615-4048-9832-BECC76BAC38C}.Debug|Any CPU.Build.0 = Debug|Any CPU
		{EB479E56-7615-4048-9832-BECC76BAC38C}.Release|Any CPU.ActiveCfg = Release|Any CPU
		{EB479E56-7615-4048-9832-BECC76BAC38C}.Release|Any CPU.Build.0 = Release|Any CPU
		{D4C9757D-69AD-4975-92FA-0C507116929A}.Debug|Any CPU.ActiveCfg = Debug|Any CPU
		{D4C9757D-69AD-4975-92FA-0C507116929A}.Debug|Any CPU.Build.0 = Debug|Any CPU
		{D4C9757D-69AD-4975-92FA-0C507116929A}.Release|Any CPU.ActiveCfg = Release|Any CPU
		{D4C9757D-69AD-4975-92FA-0C507116929A}.Release|Any CPU.Build.0 = Release|Any CPU
		{70CED588-1E3F-4667-AA9C-EC61DA5FC9FC}.Debug|Any CPU.ActiveCfg = Debug|Any CPU
		{70CED588-1E3F-4667-AA9C-EC61DA5FC9FC}.Debug|Any CPU.Build.0 = Debug|Any CPU
		{70CED588-1E3F-4667-AA9C-EC61DA5FC9FC}.Release|Any CPU.ActiveCfg = Release|Any CPU
		{70CED588-1E3F-4667-AA9C-EC61DA5FC9FC}.Release|Any CPU.Build.0 = Release|Any CPU
		{DA6C5409-4FE4-4810-8FF5-610C9D9AD445}.Debug|Any CPU.ActiveCfg = Debug|Any CPU
		{DA6C5409-4FE4-4810-8FF5-610C9D9AD445}.Debug|Any CPU.Build.0 = Debug|Any CPU
		{DA6C5409-4FE4-4810-8FF5-610C9D9AD445}.Release|Any CPU.ActiveCfg = Release|Any CPU
		{DA6C5409-4FE4-4810-8FF5-610C9D9AD445}.Release|Any CPU.Build.0 = Release|Any CPU
		{245D80C1-65BF-43C8-B1B7-35293ECF5B4F}.Debug|Any CPU.ActiveCfg = Debug|Any CPU
		{245D80C1-65BF-43C8-B1B7-35293ECF5B4F}.Debug|Any CPU.Build.0 = Debug|Any CPU
		{245D80C1-65BF-43C8-B1B7-35293ECF5B4F}.Release|Any CPU.ActiveCfg = Release|Any CPU
		{245D80C1-65BF-43C8-B1B7-35293ECF5B4F}.Release|Any CPU.Build.0 = Release|Any CPU
		{4A3DFCCA-D802-4CBB-9384-75960057C238}.Debug|Any CPU.ActiveCfg = Debug|Any CPU
		{4A3DFCCA-D802-4CBB-9384-75960057C238}.Debug|Any CPU.Build.0 = Debug|Any CPU
		{4A3DFCCA-D802-4CBB-9384-75960057C238}.Release|Any CPU.ActiveCfg = Release|Any CPU
		{4A3DFCCA-D802-4CBB-9384-75960057C238}.Release|Any CPU.Build.0 = Release|Any CPU
	EndGlobalSection
	GlobalSection(NestedProjects) = preSolution
		{D4C9757D-69AD-4975-92FA-0C507116929A} = {8ED7E64B-B5F1-4D6D-9BE9-0CA983A5C44A}
		{00CB4B43-A45D-48D5-BD1B-EA65C70620D0} = {3CCE7DE9-17BF-4137-B312-2F5456607B79}
		{DA6C5409-4FE4-4810-8FF5-610C9D9AD445} = {00CB4B43-A45D-48D5-BD1B-EA65C70620D0}
		{245D80C1-65BF-43C8-B1B7-35293ECF5B4F} = {00CB4B43-A45D-48D5-BD1B-EA65C70620D0}
		{4A3DFCCA-D802-4CBB-9384-75960057C238} = {00CB4B43-A45D-48D5-BD1B-EA65C70620D0}
	EndGlobalSection
EndGlobal
