
Microsoft Visual Studio Solution File, Format Version 12.00
# Visual Studio Version 17
VisualStudioVersion = 17.0.31903.59
MinimumVisualStudioVersion = 10.0.40219.1
Project("{F2A71F9B-5D33-465A-A702-920D77279786}") = "Sharpino", "Sharpino.Lib\Sharpino.Lib.fsproj", "{DB988C52-A5BD-4966-B156-F0181739D0EF}"
EndProject
Project("{F2A71F9B-5D33-465A-A702-920D77279786}") = "Sharpino.Sample.Test", "Sharpino.Sample.Test\Sharpino.Sample.Test.fsproj", "{01C9888A-DD57-4E94-8C38-8791F4886777}"
EndProject
Project("{F2A71F9B-5D33-465A-A702-920D77279786}") = "Sharpino.Sample", "Sharpino.Sample\Sharpino.Sample.fsproj", "{4C8F829E-6634-495F-8036-06C2131B9617}"
EndProject
Project("{F2A71F9B-5D33-465A-A702-920D77279786}") = "Sharpino.Sample.Shared", "Sharpino.Sample.Shared\Sharpino.Sample.Shared.fsproj", "{C6DAF2D4-81E7-4E3E-8D68-30B6B2C574B8}"
EndProject
Project("{F2A71F9B-5D33-465A-A702-920D77279786}") = "Sharpino.Lib.Core", "Sharpino.Lib.Core\Sharpino.Lib.Core.fsproj", "{7BB5D455-ADBB-47A2-BA76-89B282175615}"
EndProject
Project("{F2A71F9B-5D33-465A-A702-920D77279786}") = "Sharpino.Sample.2", "Sharpino.Sample.2\Sharpino.Sample.2.fsproj", "{9540D9E5-E958-4AAC-86E7-BC7944F9E869}"
EndProject
Project("{F2A71F9B-5D33-465A-A702-920D77279786}") = "Sharpino.Sample.2.Test", "Sharpino.Sample.2.Test\Sharpino.Sample.2.Test.fsproj", "{0E6E837B-7160-4BC3-9ABC-22B1DC73B8BB}"
EndProject
Project("{2150E333-8FDC-42A3-9474-1A3956D46DE8}") = "Sharpino.Sample.Client", "Sharpino.Sample.Client", "{8ED7E64B-B5F1-4D6D-9BE9-0CA983A5C44A}"
EndProject
Project("{F2A71F9B-5D33-465A-A702-920D77279786}") = "App", "Sharpino.Sample.Client\src\App.fsproj", "{D4C9757D-69AD-4975-92FA-0C507116929A}"
EndProject
Project("{F2A71F9B-5D33-465A-A702-920D77279786}") = "Sharpino.Sample.6", "Sharpino.Sample.6\Sharpino.Sample.6.fsproj", "{859F2D9B-F434-4A4D-9097-8D281DF05BA0}"
EndProject
Project("{2150E333-8FDC-42A3-9474-1A3956D46DE8}") = "Sharpino.Sample.5", "Sharpino.Sample.5", "{BCFFFB02-65D8-4C90-82DB-A8DAB42488A0}"
EndProject
Project("{2150E333-8FDC-42A3-9474-1A3956D46DE8}") = "src", "src", "{BCF4FE6F-89B9-4025-8DB5-42763681ED8A}"
EndProject
Project("{F2A71F9B-5D33-465A-A702-920D77279786}") = "Server", "Sharpino.Sample.5\src\Server\Server.fsproj", "{91ABF59E-0B3C-41AF-B67B-AD4658F45763}"
EndProject
Project("{F2A71F9B-5D33-465A-A702-920D77279786}") = "Shared", "Sharpino.Sample.5\src\Shared\Shared.fsproj", "{0BA30797-9793-497C-9938-30FBAD96072C}"
EndProject
Project("{F2A71F9B-5D33-465A-A702-920D77279786}") = "Client", "Sharpino.Sample.5\src\Client\Client.fsproj", "{1EC96261-3C9C-43EE-AC99-93D6CEB67130}"
EndProject
Project("{2150E333-8FDC-42A3-9474-1A3956D46DE8}") = "tests", "tests", "{33D88FEB-210C-44A6-9420-B9993F6BFC08}"
EndProject
Project("{F2A71F9B-5D33-465A-A702-920D77279786}") = "Server.Tests", "Sharpino.Sample.5\tests\Server\Server.Tests.fsproj", "{B42B966C-DF13-4B87-A406-4FDF68B184CB}"
EndProject
Project("{F2A71F9B-5D33-465A-A702-920D77279786}") = "Shared.Tests", "Sharpino.Sample.5\tests\Shared\Shared.Tests.fsproj", "{428A682F-5919-4B28-8D4C-B38648241709}"
EndProject
Project("{F2A71F9B-5D33-465A-A702-920D77279786}") = "Client.Tests", "Sharpino.Sample.5\tests\Client\Client.Tests.fsproj", "{5C42BDA2-3519-436A-BE18-C85E2862DAA4}"
EndProject
Project("{2150E333-8FDC-42A3-9474-1A3956D46DE8}") = "Sharpino.Sample.4", "Sharpino.Sample.4", "{57CD8278-A953-4CDE-A127-A43E941038DE}"
EndProject
Project("{2150E333-8FDC-42A3-9474-1A3956D46DE8}") = "src", "src", "{2197C9EC-3605-4DF6-8247-0B2049FEE525}"
EndProject
Project("{F2A71F9B-5D33-465A-A702-920D77279786}") = "Server", "Sharpino.Sample.4\src\Server\Server.fsproj", "{7422614A-5F4B-4A55-AAF3-C61C6F81EBCF}"
EndProject
Project("{F2A71F9B-5D33-465A-A702-920D77279786}") = "Shared", "Sharpino.Sample.4\src\Shared\Shared.fsproj", "{B7D1EFF6-17A1-495A-9EEC-94D4C34B0B04}"
EndProject
Project("{F2A71F9B-5D33-465A-A702-920D77279786}") = "Client", "Sharpino.Sample.4\src\Client\Client.fsproj", "{EB110976-83FA-4619-ABAB-11651CB15DA1}"
EndProject
Project("{2150E333-8FDC-42A3-9474-1A3956D46DE8}") = "tests", "tests", "{7FDB24C3-61AD-46D5-89DE-913010DB20BF}"
EndProject
Project("{F2A71F9B-5D33-465A-A702-920D77279786}") = "Server.Tests", "Sharpino.Sample.4\tests\Server\Server.Tests.fsproj", "{5F8DC717-F654-4AF4-B408-A8EFFD95FA88}"
EndProject
Project("{F2A71F9B-5D33-465A-A702-920D77279786}") = "Client.Tests", "Sharpino.Sample.4\tests\Client\Client.Tests.fsproj", "{9A739399-3B9F-4557-97A0-DA08060FE69E}"
EndProject
Project("{F2A71F9B-5D33-465A-A702-920D77279786}") = "Shared.Tests", "Sharpino.Sample.4\tests\Shared\Shared.Tests.fsproj", "{1ECBB994-9532-42A5-A013-368A8B6AB3EE}"
EndProject
Project("{F2A71F9B-5D33-465A-A702-920D77279786}") = "Sharpino.Sample.6.Test", "Sharpino.Sample.6.Test\Sharpino.Sample.6.Test.fsproj", "{D29CC28F-EB83-4940-AC6B-09D033E4D664}"
EndProject
Global
	GlobalSection(SolutionConfigurationPlatforms) = preSolution
		Debug|Any CPU = Debug|Any CPU
		Release|Any CPU = Release|Any CPU
	EndGlobalSection
	GlobalSection(SolutionProperties) = preSolution
		HideSolutionNode = FALSE
	EndGlobalSection
	GlobalSection(ProjectConfigurationPlatforms) = postSolution
		{DB988C52-A5BD-4966-B156-F0181739D0EF}.Debug|Any CPU.ActiveCfg = Debug|Any CPU
		{DB988C52-A5BD-4966-B156-F0181739D0EF}.Debug|Any CPU.Build.0 = Debug|Any CPU
		{DB988C52-A5BD-4966-B156-F0181739D0EF}.Release|Any CPU.ActiveCfg = Release|Any CPU
		{DB988C52-A5BD-4966-B156-F0181739D0EF}.Release|Any CPU.Build.0 = Release|Any CPU
		{01C9888A-DD57-4E94-8C38-8791F4886777}.Debug|Any CPU.ActiveCfg = Debug|Any CPU
		{01C9888A-DD57-4E94-8C38-8791F4886777}.Debug|Any CPU.Build.0 = Debug|Any CPU
		{01C9888A-DD57-4E94-8C38-8791F4886777}.Release|Any CPU.ActiveCfg = Release|Any CPU
		{01C9888A-DD57-4E94-8C38-8791F4886777}.Release|Any CPU.Build.0 = Release|Any CPU
		{4C8F829E-6634-495F-8036-06C2131B9617}.Debug|Any CPU.ActiveCfg = Debug|Any CPU
		{4C8F829E-6634-495F-8036-06C2131B9617}.Debug|Any CPU.Build.0 = Debug|Any CPU
		{4C8F829E-6634-495F-8036-06C2131B9617}.Release|Any CPU.ActiveCfg = Release|Any CPU
		{4C8F829E-6634-495F-8036-06C2131B9617}.Release|Any CPU.Build.0 = Release|Any CPU
		{C6DAF2D4-81E7-4E3E-8D68-30B6B2C574B8}.Debug|Any CPU.ActiveCfg = Debug|Any CPU
		{C6DAF2D4-81E7-4E3E-8D68-30B6B2C574B8}.Debug|Any CPU.Build.0 = Debug|Any CPU
		{C6DAF2D4-81E7-4E3E-8D68-30B6B2C574B8}.Release|Any CPU.ActiveCfg = Release|Any CPU
		{C6DAF2D4-81E7-4E3E-8D68-30B6B2C574B8}.Release|Any CPU.Build.0 = Release|Any CPU
		{7BB5D455-ADBB-47A2-BA76-89B282175615}.Debug|Any CPU.ActiveCfg = Debug|Any CPU
		{7BB5D455-ADBB-47A2-BA76-89B282175615}.Debug|Any CPU.Build.0 = Debug|Any CPU
		{7BB5D455-ADBB-47A2-BA76-89B282175615}.Release|Any CPU.ActiveCfg = Release|Any CPU
		{7BB5D455-ADBB-47A2-BA76-89B282175615}.Release|Any CPU.Build.0 = Release|Any CPU
		{9540D9E5-E958-4AAC-86E7-BC7944F9E869}.Debug|Any CPU.ActiveCfg = Debug|Any CPU
		{9540D9E5-E958-4AAC-86E7-BC7944F9E869}.Debug|Any CPU.Build.0 = Debug|Any CPU
		{9540D9E5-E958-4AAC-86E7-BC7944F9E869}.Release|Any CPU.ActiveCfg = Release|Any CPU
		{9540D9E5-E958-4AAC-86E7-BC7944F9E869}.Release|Any CPU.Build.0 = Release|Any CPU
		{0E6E837B-7160-4BC3-9ABC-22B1DC73B8BB}.Debug|Any CPU.ActiveCfg = Debug|Any CPU
		{0E6E837B-7160-4BC3-9ABC-22B1DC73B8BB}.Debug|Any CPU.Build.0 = Debug|Any CPU
		{0E6E837B-7160-4BC3-9ABC-22B1DC73B8BB}.Release|Any CPU.ActiveCfg = Release|Any CPU
		{0E6E837B-7160-4BC3-9ABC-22B1DC73B8BB}.Release|Any CPU.Build.0 = Release|Any CPU
		{D4C9757D-69AD-4975-92FA-0C507116929A}.Debug|Any CPU.ActiveCfg = Debug|Any CPU
		{D4C9757D-69AD-4975-92FA-0C507116929A}.Debug|Any CPU.Build.0 = Debug|Any CPU
		{D4C9757D-69AD-4975-92FA-0C507116929A}.Release|Any CPU.ActiveCfg = Release|Any CPU
		{D4C9757D-69AD-4975-92FA-0C507116929A}.Release|Any CPU.Build.0 = Release|Any CPU
		{859F2D9B-F434-4A4D-9097-8D281DF05BA0}.Debug|Any CPU.ActiveCfg = Debug|Any CPU
		{859F2D9B-F434-4A4D-9097-8D281DF05BA0}.Debug|Any CPU.Build.0 = Debug|Any CPU
		{859F2D9B-F434-4A4D-9097-8D281DF05BA0}.Release|Any CPU.ActiveCfg = Release|Any CPU
		{859F2D9B-F434-4A4D-9097-8D281DF05BA0}.Release|Any CPU.Build.0 = Release|Any CPU
		{91ABF59E-0B3C-41AF-B67B-AD4658F45763}.Debug|Any CPU.ActiveCfg = Debug|Any CPU
		{91ABF59E-0B3C-41AF-B67B-AD4658F45763}.Debug|Any CPU.Build.0 = Debug|Any CPU
		{91ABF59E-0B3C-41AF-B67B-AD4658F45763}.Release|Any CPU.ActiveCfg = Release|Any CPU
		{91ABF59E-0B3C-41AF-B67B-AD4658F45763}.Release|Any CPU.Build.0 = Release|Any CPU
		{0BA30797-9793-497C-9938-30FBAD96072C}.Debug|Any CPU.ActiveCfg = Debug|Any CPU
		{0BA30797-9793-497C-9938-30FBAD96072C}.Debug|Any CPU.Build.0 = Debug|Any CPU
		{0BA30797-9793-497C-9938-30FBAD96072C}.Release|Any CPU.ActiveCfg = Release|Any CPU
		{0BA30797-9793-497C-9938-30FBAD96072C}.Release|Any CPU.Build.0 = Release|Any CPU
		{1EC96261-3C9C-43EE-AC99-93D6CEB67130}.Debug|Any CPU.ActiveCfg = Debug|Any CPU
		{1EC96261-3C9C-43EE-AC99-93D6CEB67130}.Debug|Any CPU.Build.0 = Debug|Any CPU
		{1EC96261-3C9C-43EE-AC99-93D6CEB67130}.Release|Any CPU.ActiveCfg = Release|Any CPU
		{1EC96261-3C9C-43EE-AC99-93D6CEB67130}.Release|Any CPU.Build.0 = Release|Any CPU
		{B42B966C-DF13-4B87-A406-4FDF68B184CB}.Debug|Any CPU.ActiveCfg = Debug|Any CPU
		{B42B966C-DF13-4B87-A406-4FDF68B184CB}.Debug|Any CPU.Build.0 = Debug|Any CPU
		{B42B966C-DF13-4B87-A406-4FDF68B184CB}.Release|Any CPU.ActiveCfg = Release|Any CPU
		{B42B966C-DF13-4B87-A406-4FDF68B184CB}.Release|Any CPU.Build.0 = Release|Any CPU
		{428A682F-5919-4B28-8D4C-B38648241709}.Debug|Any CPU.ActiveCfg = Debug|Any CPU
		{428A682F-5919-4B28-8D4C-B38648241709}.Debug|Any CPU.Build.0 = Debug|Any CPU
		{428A682F-5919-4B28-8D4C-B38648241709}.Release|Any CPU.ActiveCfg = Release|Any CPU
		{428A682F-5919-4B28-8D4C-B38648241709}.Release|Any CPU.Build.0 = Release|Any CPU
		{5C42BDA2-3519-436A-BE18-C85E2862DAA4}.Debug|Any CPU.ActiveCfg = Debug|Any CPU
		{5C42BDA2-3519-436A-BE18-C85E2862DAA4}.Debug|Any CPU.Build.0 = Debug|Any CPU
		{5C42BDA2-3519-436A-BE18-C85E2862DAA4}.Release|Any CPU.ActiveCfg = Release|Any CPU
		{5C42BDA2-3519-436A-BE18-C85E2862DAA4}.Release|Any CPU.Build.0 = Release|Any CPU
		{7422614A-5F4B-4A55-AAF3-C61C6F81EBCF}.Debug|Any CPU.ActiveCfg = Debug|Any CPU
		{7422614A-5F4B-4A55-AAF3-C61C6F81EBCF}.Debug|Any CPU.Build.0 = Debug|Any CPU
		{7422614A-5F4B-4A55-AAF3-C61C6F81EBCF}.Release|Any CPU.ActiveCfg = Release|Any CPU
		{7422614A-5F4B-4A55-AAF3-C61C6F81EBCF}.Release|Any CPU.Build.0 = Release|Any CPU
		{B7D1EFF6-17A1-495A-9EEC-94D4C34B0B04}.Debug|Any CPU.ActiveCfg = Debug|Any CPU
		{B7D1EFF6-17A1-495A-9EEC-94D4C34B0B04}.Debug|Any CPU.Build.0 = Debug|Any CPU
		{B7D1EFF6-17A1-495A-9EEC-94D4C34B0B04}.Release|Any CPU.ActiveCfg = Release|Any CPU
		{B7D1EFF6-17A1-495A-9EEC-94D4C34B0B04}.Release|Any CPU.Build.0 = Release|Any CPU
		{EB110976-83FA-4619-ABAB-11651CB15DA1}.Debug|Any CPU.ActiveCfg = Debug|Any CPU
		{EB110976-83FA-4619-ABAB-11651CB15DA1}.Debug|Any CPU.Build.0 = Debug|Any CPU
		{EB110976-83FA-4619-ABAB-11651CB15DA1}.Release|Any CPU.ActiveCfg = Release|Any CPU
		{EB110976-83FA-4619-ABAB-11651CB15DA1}.Release|Any CPU.Build.0 = Release|Any CPU
		{5F8DC717-F654-4AF4-B408-A8EFFD95FA88}.Debug|Any CPU.ActiveCfg = Debug|Any CPU
		{5F8DC717-F654-4AF4-B408-A8EFFD95FA88}.Debug|Any CPU.Build.0 = Debug|Any CPU
		{5F8DC717-F654-4AF4-B408-A8EFFD95FA88}.Release|Any CPU.ActiveCfg = Release|Any CPU
		{5F8DC717-F654-4AF4-B408-A8EFFD95FA88}.Release|Any CPU.Build.0 = Release|Any CPU
		{9A739399-3B9F-4557-97A0-DA08060FE69E}.Debug|Any CPU.ActiveCfg = Debug|Any CPU
		{9A739399-3B9F-4557-97A0-DA08060FE69E}.Debug|Any CPU.Build.0 = Debug|Any CPU
		{9A739399-3B9F-4557-97A0-DA08060FE69E}.Release|Any CPU.ActiveCfg = Release|Any CPU
		{9A739399-3B9F-4557-97A0-DA08060FE69E}.Release|Any CPU.Build.0 = Release|Any CPU
		{1ECBB994-9532-42A5-A013-368A8B6AB3EE}.Debug|Any CPU.ActiveCfg = Debug|Any CPU
		{1ECBB994-9532-42A5-A013-368A8B6AB3EE}.Debug|Any CPU.Build.0 = Debug|Any CPU
		{1ECBB994-9532-42A5-A013-368A8B6AB3EE}.Release|Any CPU.ActiveCfg = Release|Any CPU
		{1ECBB994-9532-42A5-A013-368A8B6AB3EE}.Release|Any CPU.Build.0 = Release|Any CPU
		{D29CC28F-EB83-4940-AC6B-09D033E4D664}.Debug|Any CPU.ActiveCfg = Debug|Any CPU
		{D29CC28F-EB83-4940-AC6B-09D033E4D664}.Debug|Any CPU.Build.0 = Debug|Any CPU
		{D29CC28F-EB83-4940-AC6B-09D033E4D664}.Release|Any CPU.ActiveCfg = Release|Any CPU
		{D29CC28F-EB83-4940-AC6B-09D033E4D664}.Release|Any CPU.Build.0 = Release|Any CPU
	EndGlobalSection
	GlobalSection(NestedProjects) = preSolution
		{D4C9757D-69AD-4975-92FA-0C507116929A} = {8ED7E64B-B5F1-4D6D-9BE9-0CA983A5C44A}
		{BCF4FE6F-89B9-4025-8DB5-42763681ED8A} = {BCFFFB02-65D8-4C90-82DB-A8DAB42488A0}
		{91ABF59E-0B3C-41AF-B67B-AD4658F45763} = {BCF4FE6F-89B9-4025-8DB5-42763681ED8A}
		{0BA30797-9793-497C-9938-30FBAD96072C} = {BCF4FE6F-89B9-4025-8DB5-42763681ED8A}
		{1EC96261-3C9C-43EE-AC99-93D6CEB67130} = {BCF4FE6F-89B9-4025-8DB5-42763681ED8A}
		{33D88FEB-210C-44A6-9420-B9993F6BFC08} = {BCFFFB02-65D8-4C90-82DB-A8DAB42488A0}
		{B42B966C-DF13-4B87-A406-4FDF68B184CB} = {33D88FEB-210C-44A6-9420-B9993F6BFC08}
		{428A682F-5919-4B28-8D4C-B38648241709} = {33D88FEB-210C-44A6-9420-B9993F6BFC08}
		{5C42BDA2-3519-436A-BE18-C85E2862DAA4} = {33D88FEB-210C-44A6-9420-B9993F6BFC08}
		{2197C9EC-3605-4DF6-8247-0B2049FEE525} = {57CD8278-A953-4CDE-A127-A43E941038DE}
		{7422614A-5F4B-4A55-AAF3-C61C6F81EBCF} = {2197C9EC-3605-4DF6-8247-0B2049FEE525}
		{B7D1EFF6-17A1-495A-9EEC-94D4C34B0B04} = {2197C9EC-3605-4DF6-8247-0B2049FEE525}
		{EB110976-83FA-4619-ABAB-11651CB15DA1} = {2197C9EC-3605-4DF6-8247-0B2049FEE525}
		{7FDB24C3-61AD-46D5-89DE-913010DB20BF} = {57CD8278-A953-4CDE-A127-A43E941038DE}
		{5F8DC717-F654-4AF4-B408-A8EFFD95FA88} = {7FDB24C3-61AD-46D5-89DE-913010DB20BF}
		{9A739399-3B9F-4557-97A0-DA08060FE69E} = {7FDB24C3-61AD-46D5-89DE-913010DB20BF}
		{1ECBB994-9532-42A5-A013-368A8B6AB3EE} = {7FDB24C3-61AD-46D5-89DE-913010DB20BF}
	EndGlobalSection
EndGlobal
